
Microsoft Visual Studio Solution File, Format Version 12.00
# Visual Studio Version 17
VisualStudioVersion = 17.4.33103.184
MinimumVisualStudioVersion = 10.0.40219.1
Project("{FAE04EC0-301F-11D3-BF4B-00C04F79EFBC}") = "oop4.2", "oop4.2\oop4.2.csproj", "{ED856AA6-F3B2-41F7-A8EC-53A60028E99C}"
EndProject
Global
	GlobalSection(SolutionConfigurationPlatforms) = preSolution
		Debug|Any CPU = Debug|Any CPU
		Release|Any CPU = Release|Any CPU
	EndGlobalSection
	GlobalSection(ProjectConfigurationPlatforms) = postSolution
		{ED856AA6-F3B2-41F7-A8EC-53A60028E99C}.Debug|Any CPU.ActiveCfg = Debug|Any CPU
		{ED856AA6-F3B2-41F7-A8EC-53A60028E99C}.Debug|Any CPU.Build.0 = Debug|Any CPU
		{ED856AA6-F3B2-41F7-A8EC-53A60028E99C}.Release|Any CPU.ActiveCfg = Release|Any CPU
		{ED856AA6-F3B2-41F7-A8EC-53A60028E99C}.Release|Any CPU.Build.0 = Release|Any CPU
	EndGlobalSection
	GlobalSection(SolutionProperties) = preSolution
		HideSolutionNode = FALSE
	EndGlobalSection
	GlobalSection(ExtensibilityGlobals) = postSolution
		SolutionGuid = {A8B6E427-55BF-4DAB-9BF9-11CA13C41F4A}
	EndGlobalSection
EndGlobal
